
Microsoft Visual Studio Solution File, Format Version 12.00
# Visual Studio Version 17
VisualStudioVersion = 17.5.33627.172
MinimumVisualStudioVersion = 10.0.40219.1
Project("{FAE04EC0-301F-11D3-BF4B-00C04F79EFBC}") = "TechVidsApp", "TechVidsApp\TechVidsApp.csproj", "{6A87C31F-5953-467B-976B-367B456AE959}"
EndProject
Global
	GlobalSection(SolutionConfigurationPlatforms) = preSolution
		Debug|Any CPU = Debug|Any CPU
		Release|Any CPU = Release|Any CPU
	EndGlobalSection
	GlobalSection(ProjectConfigurationPlatforms) = postSolution
		{6A87C31F-5953-467B-976B-367B456AE959}.Debug|Any CPU.ActiveCfg = Debug|Any CPU
		{6A87C31F-5953-467B-976B-367B456AE959}.Debug|Any CPU.Build.0 = Debug|Any CPU
		{6A87C31F-5953-467B-976B-367B456AE959}.Release|Any CPU.ActiveCfg = Release|Any CPU
		{6A87C31F-5953-467B-976B-367B456AE959}.Release|Any CPU.Build.0 = Release|Any CPU
	EndGlobalSection
	GlobalSection(SolutionProperties) = preSolution
		HideSolutionNode = FALSE
	EndGlobalSection
	GlobalSection(ExtensibilityGlobals) = postSolution
		SolutionGuid = {BAF91BB7-E1A1-4A6C-9885-1A4862173032}
	EndGlobalSection
EndGlobal
